dependencies:
- name: common
  repository: file://charts/common
  version: 0.1.0
- name: geth
  repository: file://charts/geth
  version: 0.1.0
- name: lighthouse
  repository: file://charts/lighthouse
  version: 0.1.0
digest: sha256:d6e65be4ff753da43dec3b7beeeef7ba04e9683a8fcb07fd8d542ed2bd4a2f72
generated: "2022-04-26T15:55:55.559965+10:00"
