dependencies:
- name: common
  repository: file://charts/common
  version: 0.1.0
- name: geth
  repository: file://charts/geth
  version: 0.1.0
- name: lighthouse
  repository: file://charts/lighthouse
  version: 0.1.0
- name: prysm
  repository: file://charts/prysm
  version: 0.1.0
- name: nethermind
  repository: file://charts/nethermind
  version: 0.1.0
- name: teku
  repository: file://charts/teku
  version: 0.1.0
- name: besu
  repository: file://charts/besu
  version: 0.1.0
- name: nimbus
  repository: file://charts/nimbus
  version: 0.1.0
- name: lodestar
  repository: file://charts/lodestar
  version: 0.1.0
digest: sha256:db8ff6abc2d9c20487ad882c6216261218e6794db28cef4e55ec831bacb82ab5
generated: "2022-06-14T17:08:44.007362+10:00"
