dependencies:
- name: common
  repository: file://charts/common
  version: 0.1.0
- name: geth
  repository: file://charts/geth
  version: 0.1.0
- name: lighthouse
  repository: file://charts/lighthouse
  version: 0.1.0
- name: prysm
  repository: file://charts/prysm
  version: 0.1.0
- name: nethermind
  repository: file://charts/nethermind
  version: 0.1.0
- name: teku
  repository: file://charts/teku
  version: 0.1.0
- name: besu
  repository: file://charts/besu
  version: 0.1.0
digest: sha256:de23561ce1f7b8fc416c4a31e6ca1771a11480dcb1f86fa2d2e1d97840a3d081
generated: "2022-05-10T14:59:59.718342+10:00"
