dependencies:
- name: common
  repository: file://charts/common
  version: 0.1.0
- name: geth
  repository: file://charts/geth
  version: 0.1.0
- name: lighthouse
  repository: file://charts/lighthouse
  version: 0.1.0
- name: prysm
  repository: file://charts/prysm
  version: 0.1.0
- name: nethermind
  repository: file://charts/nethermind
  version: 0.1.0
digest: sha256:66fab615927d7d88356fc4013f74e7241875fe35088d8502a56a864390476e15
generated: "2022-05-06T17:41:25.01547+10:00"
