dependencies:
- name: common
  repository: file://charts/common
  version: 0.1.0
- name: geth
  repository: file://charts/geth
  version: 0.1.0
- name: ligthouse
  repository: file://charts/lighthouse
  version: 0.1.0
digest: sha256:75817884ebb774da7e0afb21b6b64124aa770c198a9f75cac4be06465de46e1a
generated: "2022-04-26T12:22:00.918148+10:00"
